// !$*UTF8*$!
{
	archiveVersion = 1;
	classes = {
	};
	objectVersion = 50;
	objects = {

/* Begin PBXBuildFile section */
		3B093DFBDE095E79DBF81F06 /* libPods-QQHomePage.a in Frameworks */ = {isa = PBXBuildFile; fileRef = 54C2524F9A44B09D9C719F21 /* libPods-QQHomePage.a */; };
		ED44E1522418BEA80063AB7B /* AppDelegate.m in Sources */ = {isa = PBXBuildFile; fileRef = ED44E1512418BEA80063AB7B /* AppDelegate.m */; };
		ED44E1582418BEA80063AB7B /* ViewController.m in Sources */ = {isa = PBXBuildFile; fileRef = ED44E1572418BEA80063AB7B /* ViewController.m */; };
		ED44E15B2418BEA80063AB7B /* Main.storyboard in Resources */ = {isa = PBXBuildFile; fileRef = ED44E1592418BEA80063AB7B /* Main.storyboard */; };
		ED44E15D2418BEA90063AB7B /* Assets.xcassets in Resources */ = {isa = PBXBuildFile; fileRef = ED44E15C2418BEA90063AB7B /* Assets.xcassets */; };
		ED44E1602418BEA90063AB7B /* LaunchScreen.storyboard in Resources */ = {isa = PBXBuildFile; fileRef = ED44E15E2418BEA90063AB7B /* LaunchScreen.storyboard */; };
		ED44E1632418BEA90063AB7B /* main.m in Sources */ = {isa = PBXBuildFile; fileRef = ED44E1622418BEA90063AB7B /* main.m */; };
		ED63F59F2420A4B600DB0387 /* songlist101.json in Resources */ = {isa = PBXBuildFile; fileRef = ED63F59E2420A4B600DB0387 /* songlist101.json */; };
		ED63F5A12420A68500DB0387 /* mvlist12.json in Resources */ = {isa = PBXBuildFile; fileRef = ED63F5A02420A68500DB0387 /* mvlist12.json */; };
		ED63F5A32420A73D00DB0387 /* songlist16.json in Resources */ = {isa = PBXBuildFile; fileRef = ED63F5A22420A73D00DB0387 /* songlist16.json */; };
		ED63F5A52420B5FC00DB0387 /* viplist.json in Resources */ = {isa = PBXBuildFile; fileRef = ED63F5A42420B5FC00DB0387 /* viplist.json */; };
		ED63F5AA2420B68900DB0387 /* VipViewCell.m in Sources */ = {isa = PBXBuildFile; fileRef = ED63F5A82420B68900DB0387 /* VipViewCell.m */; };
		ED63F5AB2420B68900DB0387 /* VipViewCell.xib in Resources */ = {isa = PBXBuildFile; fileRef = ED63F5A92420B68900DB0387 /* VipViewCell.xib */; };
		ED63F5AF2420B74700DB0387 /* VIP1CollectionViewCell.m in Sources */ = {isa = PBXBuildFile; fileRef = ED63F5AD2420B74700DB0387 /* VIP1CollectionViewCell.m */; };
		ED63F5B02420B74700DB0387 /* VIP1CollectionViewCell.xib in Resources */ = {isa = PBXBuildFile; fileRef = ED63F5AE2420B74700DB0387 /* VIP1CollectionViewCell.xib */; };
		ED64BDA72418CCB70022D3C9 /* SceneDelegate.m in Sources */ = {isa = PBXBuildFile; fileRef = ED64BDA52418CCB70022D3C9 /* SceneDelegate.m */; };
		ED64BDAA2418D10A0022D3C9 /* SearchView.xib in Resources */ = {isa = PBXBuildFile; fileRef = ED64BDA92418D10A0022D3C9 /* SearchView.xib */; };
		ED64BDAD2418E78F0022D3C9 /* SearchView.m in Sources */ = {isa = PBXBuildFile; fileRef = ED64BDAC2418E78F0022D3C9 /* SearchView.m */; };
		ED64BDBF2418ECAD0022D3C9 /* SDCycleScrollView.m in Sources */ = {isa = PBXBuildFile; fileRef = ED64BDB32418ECAD0022D3C9 /* SDCycleScrollView.m */; };
		ED64BDC02418ECAD0022D3C9 /* UIView+SDExtension.m in Sources */ = {isa = PBXBuildFile; fileRef = ED64BDB42418ECAD0022D3C9 /* UIView+SDExtension.m */; };
		ED64BDC12418ECAD0022D3C9 /* SDCollectionViewCell.m in Sources */ = {isa = PBXBuildFile; fileRef = ED64BDB52418ECAD0022D3C9 /* SDCollectionViewCell.m */; };
		ED64BDC22418ECAD0022D3C9 /* TADotView.m in Sources */ = {isa = PBXBuildFile; fileRef = ED64BDB82418ECAD0022D3C9 /* TADotView.m */; };
		ED64BDC32418ECAD0022D3C9 /* TAPageControl.m in Sources */ = {isa = PBXBuildFile; fileRef = ED64BDB92418ECAD0022D3C9 /* TAPageControl.m */; };
		ED64BDC42418ECAD0022D3C9 /* TAAnimatedDotView.m in Sources */ = {isa = PBXBuildFile; fileRef = ED64BDBA2418ECAD0022D3C9 /* TAAnimatedDotView.m */; };
		ED64BDC52418ECAD0022D3C9 /* TAAbstractDotView.m in Sources */ = {isa = PBXBuildFile; fileRef = ED64BDBB2418ECAD0022D3C9 /* TAAbstractDotView.m */; };
		ED64BDC82418ED710022D3C9 /* TableViewCellModel.m in Sources */ = {isa = PBXBuildFile; fileRef = ED64BDC72418ED710022D3C9 /* TableViewCellModel.m */; };
		ED64BDCC2418F27F0022D3C9 /* TableViewSectionModel.m in Sources */ = {isa = PBXBuildFile; fileRef = ED64BDCB2418F27F0022D3C9 /* TableViewSectionModel.m */; };
		ED64BDD22418F8920022D3C9 /* 002.jpg in Resources */ = {isa = PBXBuildFile; fileRef = ED64BDCE2418F8910022D3C9 /* 002.jpg */; };
		ED64BDD32418F8920022D3C9 /* 003.jpg in Resources */ = {isa = PBXBuildFile; fileRef = ED64BDCF2418F8910022D3C9 /* 003.jpg */; };
		ED64BDD42418F8920022D3C9 /* 001.jpg in Resources */ = {isa = PBXBuildFile; fileRef = ED64BDD02418F8910022D3C9 /* 001.jpg */; };
		ED64BDD52418F8920022D3C9 /* 004.jpg in Resources */ = {isa = PBXBuildFile; fileRef = ED64BDD12418F8920022D3C9 /* 004.jpg */; };
		ED64BDDD2419DA7E0022D3C9 /* FunctionCell.m in Sources */ = {isa = PBXBuildFile; fileRef = ED64BDDB2419DA7E0022D3C9 /* FunctionCell.m */; };
		ED64BDE82419DD3B0022D3C9 /* FunctionCollectionCell.m in Sources */ = {isa = PBXBuildFile; fileRef = ED64BDE62419DD3B0022D3C9 /* FunctionCollectionCell.m */; };
		ED64BDE92419DD3B0022D3C9 /* FunctionCollectionCell.xib in Resources */ = {isa = PBXBuildFile; fileRef = ED64BDE72419DD3B0022D3C9 /* FunctionCollectionCell.xib */; };
		ED64BDF42419EFFF0022D3C9 /* icon002@3x.png in Resources */ = {isa = PBXBuildFile; fileRef = ED64BDEA2419EFFE0022D3C9 /* icon002@3x.png */; };
		ED64BDF52419EFFF0022D3C9 /* icon001@2x.png in Resources */ = {isa = PBXBuildFile; fileRef = ED64BDEB2419EFFE0022D3C9 /* icon001@2x.png */; };
		ED64BDF62419EFFF0022D3C9 /* icon004@3x.png in Resources */ = {isa = PBXBuildFile; fileRef = ED64BDEC2419EFFE0022D3C9 /* icon004@3x.png */; };
		ED64BDF72419EFFF0022D3C9 /* icon001@3x.png in Resources */ = {isa = PBXBuildFile; fileRef = ED64BDED2419EFFE0022D3C9 /* icon001@3x.png */; };
		ED64BDF82419EFFF0022D3C9 /* icon003@2x.png in Resources */ = {isa = PBXBuildFile; fileRef = ED64BDEE2419EFFF0022D3C9 /* icon003@2x.png */; };
		ED64BDF92419EFFF0022D3C9 /* icon002@2x.png in Resources */ = {isa = PBXBuildFile; fileRef = ED64BDEF2419EFFF0022D3C9 /* icon002@2x.png */; };
		ED64BDFA2419EFFF0022D3C9 /* icon003@3x.png in Resources */ = {isa = PBXBuildFile; fileRef = ED64BDF02419EFFF0022D3C9 /* icon003@3x.png */; };
		ED64BDFB2419EFFF0022D3C9 /* icon004@2x.png in Resources */ = {isa = PBXBuildFile; fileRef = ED64BDF12419EFFF0022D3C9 /* icon004@2x.png */; };
		ED64BDFC2419EFFF0022D3C9 /* icon005@2x.png in Resources */ = {isa = PBXBuildFile; fileRef = ED64BDF22419EFFF0022D3C9 /* icon005@2x.png */; };
		ED64BDFD2419EFFF0022D3C9 /* icon005@3x.png in Resources */ = {isa = PBXBuildFile; fileRef = ED64BDF32419EFFF0022D3C9 /* icon005@3x.png */; };
		ED64BE00241A19640022D3C9 /* NewSongView.xib in Resources */ = {isa = PBXBuildFile; fileRef = ED64BDFF241A19640022D3C9 /* NewSongView.xib */; };
		ED64BE03241A1AE00022D3C9 /* NewSongView.m in Sources */ = {isa = PBXBuildFile; fileRef = ED64BE02241A1AE00022D3C9 /* NewSongView.m */; };
		ED64BE06241A25D70022D3C9 /* song1.jpg in Resources */ = {isa = PBXBuildFile; fileRef = ED64BE04241A25D70022D3C9 /* song1.jpg */; };
		ED64BE07241A25D70022D3C9 /* song2.jpg in Resources */ = {isa = PBXBuildFile; fileRef = ED64BE05241A25D70022D3C9 /* song2.jpg */; };
		ED64BE0B241A29A30022D3C9 /* TopicViewCell.m in Sources */ = {isa = PBXBuildFile; fileRef = ED64BE0A241A29A30022D3C9 /* TopicViewCell.m */; };
		ED64BE0E241A2D160022D3C9 /* TopicCollectionViewCell.m in Sources */ = {isa = PBXBuildFile; fileRef = ED64BE0D241A2D160022D3C9 /* TopicCollectionViewCell.m */; };
		ED64BE11241A2E3A0022D3C9 /* UILabel+Utility.m in Sources */ = {isa = PBXBuildFile; fileRef = ED64BE10241A2E3A0022D3C9 /* UILabel+Utility.m */; };
		ED64BE14241A2F380022D3C9 /* UIColor+CCUtility.m in Sources */ = {isa = PBXBuildFile; fileRef = ED64BE12241A2F370022D3C9 /* UIColor+CCUtility.m */; };
		ED64BE18241A36430022D3C9 /* TopicWalterfallFlowLayout.m in Sources */ = {isa = PBXBuildFile; fileRef = ED64BE17241A36430022D3C9 /* TopicWalterfallFlowLayout.m */; };
		ED64BE4C241F17270022D3C9 /* SongListCell.m in Sources */ = {isa = PBXBuildFile; fileRef = ED64BE4A241F17270022D3C9 /* SongListCell.m */; };
		ED64BE4D241F17270022D3C9 /* SongListCell.xib in Resources */ = {isa = PBXBuildFile; fileRef = ED64BE4B241F17270022D3C9 /* SongListCell.xib */; };
		ED64BE51241F1ADB0022D3C9 /* SongCollectionViewCell.m in Sources */ = {isa = PBXBuildFile; fileRef = ED64BE4F241F1ADB0022D3C9 /* SongCollectionViewCell.m */; };
		ED64BE52241F1ADB0022D3C9 /* SongCollectionViewCell.xib in Resources */ = {isa = PBXBuildFile; fileRef = ED64BE50241F1ADB0022D3C9 /* SongCollectionViewCell.xib */; };
		ED64BE55241F2DFD0022D3C9 /* songlist166.json in Resources */ = {isa = PBXBuildFile; fileRef = ED64BE54241F2DFD0022D3C9 /* songlist166.json */; };
		ED64BE59241F2ECC0022D3C9 /* JsonLoader.m in Sources */ = {isa = PBXBuildFile; fileRef = ED64BE58241F2ECC0022D3C9 /* JsonLoader.m */; };
		EDAC6EC8241F85340086A081 /* songlist81.json in Resources */ = {isa = PBXBuildFile; fileRef = EDAC6EC7241F85340086A081 /* songlist81.json */; };
		EDAC6ECA241F8D380086A081 /* mvlist11.json in Resources */ = {isa = PBXBuildFile; fileRef = EDAC6EC9241F8D380086A081 /* mvlist11.json */; };
		EDAC6ECF241F8DC60086A081 /* MVListCell.m in Sources */ = {isa = PBXBuildFile; fileRef = EDAC6ECD241F8DC60086A081 /* MVListCell.m */; };
		EDAC6ED0241F8DC60086A081 /* MVListCell.xib in Resources */ = {isa = PBXBuildFile; fileRef = EDAC6ECE241F8DC60086A081 /* MVListCell.xib */; };
		EDAC6ED4241F8E440086A081 /* MVCollectionViewCell.m in Sources */ = {isa = PBXBuildFile; fileRef = EDAC6ED2241F8E440086A081 /* MVCollectionViewCell.m */; };
		EDAC6ED5241F8E440086A081 /* MVCollectionViewCell.xib in Resources */ = {isa = PBXBuildFile; fileRef = EDAC6ED3241F8E440086A081 /* MVCollectionViewCell.xib */; };
		EDAC6ED8241F90BA0086A081 /* BaseTableViewCell.m in Sources */ = {isa = PBXBuildFile; fileRef = EDAC6ED7241F90BA0086A081 /* BaseTableViewCell.m */; };
		EDAC6EDA241F954E0086A081 /* newmvlist.json in Resources */ = {isa = PBXBuildFile; fileRef = EDAC6ED9241F954E0086A081 /* newmvlist.json */; };
		EDDB08902422249F007D1AAC /* AsyncTopicView.m in Sources */ = {isa = PBXBuildFile; fileRef = EDDB088F2422249F007D1AAC /* AsyncTopicView.m */; };
		EDDB08992422251B007D1AAC /* YYAsyncLayer.m in Sources */ = {isa = PBXBuildFile; fileRef = EDDB08932422251B007D1AAC /* YYAsyncLayer.m */; };
		EDDB089A2422251B007D1AAC /* YYSentinel.m in Sources */ = {isa = PBXBuildFile; fileRef = EDDB08952422251B007D1AAC /* YYSentinel.m */; };
		EDDB089B2422251B007D1AAC /* YYTransaction.m in Sources */ = {isa = PBXBuildFile; fileRef = EDDB08972422251B007D1AAC /* YYTransaction.m */; };
/* End PBXBuildFile section */

/* Begin PBXFileReference section */
		2CFFE4910BFD5844310263F1 /* Pods-QQHomePage.debug.xcconfig */ = {isa = PBXFileReference; includeInIndex = 1; lastKnownFileType = text.xcconfig; name = "Pods-QQHomePage.debug.xcconfig"; path = "Target Support Files/Pods-QQHomePage/Pods-QQHomePage.debug.xcconfig"; sourceTree = "<group>"; };
		54C2524F9A44B09D9C719F21 /* libPods-QQHomePage.a */ = {isa = PBXFileReference; explicitFileType = archive.ar; includeInIndex = 0; path = "libPods-QQHomePage.a"; sourceTree = BUILT_PRODUCTS_DIR; };
		B81CACEE8D9F1E97A30460BD /* Pods-QQHomePage.release.xcconfig */ = {isa = PBXFileReference; includeInIndex = 1; lastKnownFileType = text.xcconfig; name = "Pods-QQHomePage.release.xcconfig"; path = "Target Support Files/Pods-QQHomePage/Pods-QQHomePage.release.xcconfig"; sourceTree = "<group>"; };
		ED44E14D2418BEA80063AB7B /* QQHomePage.app */ = {isa = PBXFileReference; explicitFileType = wrapper.application; includeInIndex = 0; path = QQHomePage.app; sourceTree = BUILT_PRODUCTS_DIR; };
		ED44E1502418BEA80063AB7B /* AppDelegate.h */ = {isa = PBXFileReference; lastKnownFileType = sourcecode.c.h; path = AppDelegate.h; sourceTree = "<group>"; };
		ED44E1512418BEA80063AB7B /* AppDelegate.m */ = {isa = PBXFileReference; lastKnownFileType = sourcecode.c.objc; path = AppDelegate.m; sourceTree = "<group>"; };
		ED44E1562418BEA80063AB7B /* ViewController.h */ = {isa = PBXFileReference; lastKnownFileType = sourcecode.c.h; path = ViewController.h; sourceTree = "<group>"; };
		ED44E1572418BEA80063AB7B /* ViewController.m */ = {isa = PBXFileReference; lastKnownFileType = sourcecode.c.objc; path = ViewController.m; sourceTree = "<group>"; };
		ED44E15A2418BEA80063AB7B /* Base */ = {isa = PBXFileReference; lastKnownFileType = file.storyboard; name = Base; path = Base.lproj/Main.storyboard; sourceTree = "<group>"; };
		ED44E15C2418BEA90063AB7B /* Assets.xcassets */ = {isa = PBXFileReference; lastKnownFileType = folder.assetcatalog; path = Assets.xcassets; sourceTree = "<group>"; };
		ED44E15F2418BEA90063AB7B /* Base */ = {isa = PBXFileReference; lastKnownFileType = file.storyboard; name = Base; path = Base.lproj/LaunchScreen.storyboard; sourceTree = "<group>"; };
		ED44E1612418BEA90063AB7B /* Info.plist */ = {isa = PBXFileReference; lastKnownFileType = text.plist.xml; path = Info.plist; sourceTree = "<group>"; };
		ED44E1622418BEA90063AB7B /* main.m */ = {isa = PBXFileReference; lastKnownFileType = sourcecode.c.objc; path = main.m; sourceTree = "<group>"; };
		ED44E16A2418C1DB0063AB7B /* PrefixHeader.pch */ = {isa = PBXFileReference; lastKnownFileType = sourcecode.c.h; path = PrefixHeader.pch; sourceTree = "<group>"; };
		ED63F59E2420A4B600DB0387 /* songlist101.json */ = {isa = PBXFileReference; lastKnownFileType = text.json; path = songlist101.json; sourceTree = "<group>"; };
		ED63F5A02420A68500DB0387 /* mvlist12.json */ = {isa = PBXFileReference; lastKnownFileType = text.json; path = mvlist12.json; sourceTree = "<group>"; };
		ED63F5A22420A73D00DB0387 /* songlist16.json */ = {isa = PBXFileReference; lastKnownFileType = text.json; path = songlist16.json; sourceTree = "<group>"; };
		ED63F5A42420B5FC00DB0387 /* viplist.json */ = {isa = PBXFileReference; lastKnownFileType = text.json; path = viplist.json; sourceTree = "<group>"; };
		ED63F5A72420B68900DB0387 /* VipViewCell.h */ = {isa = PBXFileReference; lastKnownFileType = sourcecode.c.h; path = VipViewCell.h; sourceTree = "<group>"; };
		ED63F5A82420B68900DB0387 /* VipViewCell.m */ = {isa = PBXFileReference; lastKnownFileType = sourcecode.c.objc; path = VipViewCell.m; sourceTree = "<group>"; };
		ED63F5A92420B68900DB0387 /* VipViewCell.xib */ = {isa = PBXFileReference; lastKnownFileType = file.xib; path = VipViewCell.xib; sourceTree = "<group>"; };
		ED63F5AC2420B74700DB0387 /* VIP1CollectionViewCell.h */ = {isa = PBXFileReference; lastKnownFileType = sourcecode.c.h; path = VIP1CollectionViewCell.h; sourceTree = "<group>"; };
		ED63F5AD2420B74700DB0387 /* VIP1CollectionViewCell.m */ = {isa = PBXFileReference; lastKnownFileType = sourcecode.c.objc; path = VIP1CollectionViewCell.m; sourceTree = "<group>"; };
		ED63F5AE2420B74700DB0387 /* VIP1CollectionViewCell.xib */ = {isa = PBXFileReference; lastKnownFileType = file.xib; path = VIP1CollectionViewCell.xib; sourceTree = "<group>"; };
		ED64BDA52418CCB70022D3C9 /* SceneDelegate.m */ = {isa = PBXFileReference; fileEncoding = 4; lastKnownFileType = sourcecode.c.objc; path = SceneDelegate.m; sourceTree = "<group>"; };
		ED64BDA62418CCB70022D3C9 /* SceneDelegate.h */ = {isa = PBXFileReference; fileEncoding = 4; lastKnownFileType = sourcecode.c.h; path = SceneDelegate.h; sourceTree = "<group>"; };
		ED64BDA92418D10A0022D3C9 /* SearchView.xib */ = {isa = PBXFileReference; lastKnownFileType = file.xib; path = SearchView.xib; sourceTree = "<group>"; };
		ED64BDAB2418E78F0022D3C9 /* SearchView.h */ = {isa = PBXFileReference; lastKnownFileType = sourcecode.c.h; path = SearchView.h; sourceTree = "<group>"; };
		ED64BDAC2418E78F0022D3C9 /* SearchView.m */ = {isa = PBXFileReference; lastKnownFileType = sourcecode.c.objc; path = SearchView.m; sourceTree = "<group>"; };
		ED64BDB02418ECAD0022D3C9 /* UIView+SDExtension.h */ = {isa = PBXFileReference; fileEncoding = 4; lastKnownFileType = sourcecode.c.h; path = "UIView+SDExtension.h"; sourceTree = "<group>"; };
		ED64BDB12418ECAD0022D3C9 /* SDCycleScrollView.h */ = {isa = PBXFileReference; fileEncoding = 4; lastKnownFileType = sourcecode.c.h; path = SDCycleScrollView.h; sourceTree = "<group>"; };
		ED64BDB22418ECAD0022D3C9 /* SDCollectionViewCell.h */ = {isa = PBXFileReference; fileEncoding = 4; lastKnownFileType = sourcecode.c.h; path = SDCollectionViewCell.h; sourceTree = "<group>"; };
		ED64BDB32418ECAD0022D3C9 /* SDCycleScrollView.m */ = {isa = PBXFileReference; fileEncoding = 4; lastKnownFileType = sourcecode.c.objc; path = SDCycleScrollView.m; sourceTree = "<group>"; };
		ED64BDB42418ECAD0022D3C9 /* UIView+SDExtension.m */ = {isa = PBXFileReference; fileEncoding = 4; lastKnownFileType = sourcecode.c.objc; path = "UIView+SDExtension.m"; sourceTree = "<group>"; };
		ED64BDB52418ECAD0022D3C9 /* SDCollectionViewCell.m */ = {isa = PBXFileReference; fileEncoding = 4; lastKnownFileType = sourcecode.c.objc; path = SDCollectionViewCell.m; sourceTree = "<group>"; };
		ED64BDB72418ECAD0022D3C9 /* TAAbstractDotView.h */ = {isa = PBXFileReference; fileEncoding = 4; lastKnownFileType = sourcecode.c.h; path = TAAbstractDotView.h; sourceTree = "<group>"; };
		ED64BDB82418ECAD0022D3C9 /* TADotView.m */ = {isa = PBXFileReference; fileEncoding = 4; lastKnownFileType = sourcecode.c.objc; path = TADotView.m; sourceTree = "<group>"; };
		ED64BDB92418ECAD0022D3C9 /* TAPageControl.m */ = {isa = PBXFileReference; fileEncoding = 4; lastKnownFileType = sourcecode.c.objc; path = TAPageControl.m; sourceTree = "<group>"; };
		ED64BDBA2418ECAD0022D3C9 /* TAAnimatedDotView.m */ = {isa = PBXFileReference; fileEncoding = 4; lastKnownFileType = sourcecode.c.objc; path = TAAnimatedDotView.m; sourceTree = "<group>"; };
		ED64BDBB2418ECAD0022D3C9 /* TAAbstractDotView.m */ = {isa = PBXFileReference; fileEncoding = 4; lastKnownFileType = sourcecode.c.objc; path = TAAbstractDotView.m; sourceTree = "<group>"; };
		ED64BDBC2418ECAD0022D3C9 /* TADotView.h */ = {isa = PBXFileReference; fileEncoding = 4; lastKnownFileType = sourcecode.c.h; path = TADotView.h; sourceTree = "<group>"; };
		ED64BDBD2418ECAD0022D3C9 /* TAAnimatedDotView.h */ = {isa = PBXFileReference; fileEncoding = 4; lastKnownFileType = sourcecode.c.h; path = TAAnimatedDotView.h; sourceTree = "<group>"; };
		ED64BDBE2418ECAD0022D3C9 /* TAPageControl.h */ = {isa = PBXFileReference; fileEncoding = 4; lastKnownFileType = sourcecode.c.h; path = TAPageControl.h; sourceTree = "<group>"; };
		ED64BDC62418ED710022D3C9 /* TableViewCellModel.h */ = {isa = PBXFileReference; lastKnownFileType = sourcecode.c.h; path = TableViewCellModel.h; sourceTree = "<group>"; };
		ED64BDC72418ED710022D3C9 /* TableViewCellModel.m */ = {isa = PBXFileReference; lastKnownFileType = sourcecode.c.objc; path = TableViewCellModel.m; sourceTree = "<group>"; };
		ED64BDCA2418F27F0022D3C9 /* TableViewSectionModel.h */ = {isa = PBXFileReference; lastKnownFileType = sourcecode.c.h; path = TableViewSectionModel.h; sourceTree = "<group>"; };
		ED64BDCB2418F27F0022D3C9 /* TableViewSectionModel.m */ = {isa = PBXFileReference; lastKnownFileType = sourcecode.c.objc; path = TableViewSectionModel.m; sourceTree = "<group>"; };
		ED64BDCE2418F8910022D3C9 /* 002.jpg */ = {isa = PBXFileReference; lastKnownFileType = image.jpeg; path = 002.jpg; sourceTree = "<group>"; };
		ED64BDCF2418F8910022D3C9 /* 003.jpg */ = {isa = PBXFileReference; lastKnownFileType = image.jpeg; path = 003.jpg; sourceTree = "<group>"; };
		ED64BDD02418F8910022D3C9 /* 001.jpg */ = {isa = PBXFileReference; lastKnownFileType = image.jpeg; path = 001.jpg; sourceTree = "<group>"; };
		ED64BDD12418F8920022D3C9 /* 004.jpg */ = {isa = PBXFileReference; lastKnownFileType = image.jpeg; path = 004.jpg; sourceTree = "<group>"; };
		ED64BDDA2419DA7E0022D3C9 /* FunctionCell.h */ = {isa = PBXFileReference; lastKnownFileType = sourcecode.c.h; path = FunctionCell.h; sourceTree = "<group>"; };
		ED64BDDB2419DA7E0022D3C9 /* FunctionCell.m */ = {isa = PBXFileReference; lastKnownFileType = sourcecode.c.objc; path = FunctionCell.m; sourceTree = "<group>"; };
		ED64BDE52419DD3B0022D3C9 /* FunctionCollectionCell.h */ = {isa = PBXFileReference; lastKnownFileType = sourcecode.c.h; path = FunctionCollectionCell.h; sourceTree = "<group>"; };
		ED64BDE62419DD3B0022D3C9 /* FunctionCollectionCell.m */ = {isa = PBXFileReference; lastKnownFileType = sourcecode.c.objc; path = FunctionCollectionCell.m; sourceTree = "<group>"; };
		ED64BDE72419DD3B0022D3C9 /* FunctionCollectionCell.xib */ = {isa = PBXFileReference; lastKnownFileType = file.xib; path = FunctionCollectionCell.xib; sourceTree = "<group>"; };
		ED64BDEA2419EFFE0022D3C9 /* icon002@3x.png */ = {isa = PBXFileReference; lastKnownFileType = image.png; path = "icon002@3x.png"; sourceTree = "<group>"; };
		ED64BDEB2419EFFE0022D3C9 /* icon001@2x.png */ = {isa = PBXFileReference; lastKnownFileType = image.png; path = "icon001@2x.png"; sourceTree = "<group>"; };
		ED64BDEC2419EFFE0022D3C9 /* icon004@3x.png */ = {isa = PBXFileReference; lastKnownFileType = image.png; path = "icon004@3x.png"; sourceTree = "<group>"; };
		ED64BDED2419EFFE0022D3C9 /* icon001@3x.png */ = {isa = PBXFileReference; lastKnownFileType = image.png; path = "icon001@3x.png"; sourceTree = "<group>"; };
		ED64BDEE2419EFFF0022D3C9 /* icon003@2x.png */ = {isa = PBXFileReference; lastKnownFileType = image.png; path = "icon003@2x.png"; sourceTree = "<group>"; };
		ED64BDEF2419EFFF0022D3C9 /* icon002@2x.png */ = {isa = PBXFileReference; lastKnownFileType = image.png; path = "icon002@2x.png"; sourceTree = "<group>"; };
		ED64BDF02419EFFF0022D3C9 /* icon003@3x.png */ = {isa = PBXFileReference; lastKnownFileType = image.png; path = "icon003@3x.png"; sourceTree = "<group>"; };
		ED64BDF12419EFFF0022D3C9 /* icon004@2x.png */ = {isa = PBXFileReference; lastKnownFileType = image.png; path = "icon004@2x.png"; sourceTree = "<group>"; };
		ED64BDF22419EFFF0022D3C9 /* icon005@2x.png */ = {isa = PBXFileReference; lastKnownFileType = image.png; path = "icon005@2x.png"; sourceTree = "<group>"; };
		ED64BDF32419EFFF0022D3C9 /* icon005@3x.png */ = {isa = PBXFileReference; lastKnownFileType = image.png; path = "icon005@3x.png"; sourceTree = "<group>"; };
		ED64BDFF241A19640022D3C9 /* NewSongView.xib */ = {isa = PBXFileReference; lastKnownFileType = file.xib; path = NewSongView.xib; sourceTree = "<group>"; };
		ED64BE01241A1AE00022D3C9 /* NewSongView.h */ = {isa = PBXFileReference; lastKnownFileType = sourcecode.c.h; path = NewSongView.h; sourceTree = "<group>"; };
		ED64BE02241A1AE00022D3C9 /* NewSongView.m */ = {isa = PBXFileReference; lastKnownFileType = sourcecode.c.objc; path = NewSongView.m; sourceTree = "<group>"; };
		ED64BE04241A25D70022D3C9 /* song1.jpg */ = {isa = PBXFileReference; lastKnownFileType = image.jpeg; path = song1.jpg; sourceTree = "<group>"; };
		ED64BE05241A25D70022D3C9 /* song2.jpg */ = {isa = PBXFileReference; lastKnownFileType = image.jpeg; path = song2.jpg; sourceTree = "<group>"; };
		ED64BE09241A29A30022D3C9 /* TopicViewCell.h */ = {isa = PBXFileReference; lastKnownFileType = sourcecode.c.h; path = TopicViewCell.h; sourceTree = "<group>"; };
		ED64BE0A241A29A30022D3C9 /* TopicViewCell.m */ = {isa = PBXFileReference; lastKnownFileType = sourcecode.c.objc; path = TopicViewCell.m; sourceTree = "<group>"; };
		ED64BE0C241A2D160022D3C9 /* TopicCollectionViewCell.h */ = {isa = PBXFileReference; lastKnownFileType = sourcecode.c.h; path = TopicCollectionViewCell.h; sourceTree = "<group>"; };
		ED64BE0D241A2D160022D3C9 /* TopicCollectionViewCell.m */ = {isa = PBXFileReference; lastKnownFileType = sourcecode.c.objc; path = TopicCollectionViewCell.m; sourceTree = "<group>"; };
		ED64BE0F241A2E3A0022D3C9 /* UILabel+Utility.h */ = {isa = PBXFileReference; lastKnownFileType = sourcecode.c.h; path = "UILabel+Utility.h"; sourceTree = "<group>"; };
		ED64BE10241A2E3A0022D3C9 /* UILabel+Utility.m */ = {isa = PBXFileReference; lastKnownFileType = sourcecode.c.objc; path = "UILabel+Utility.m"; sourceTree = "<group>"; };
		ED64BE12241A2F370022D3C9 /* UIColor+CCUtility.m */ = {isa = PBXFileReference; fileEncoding = 4; lastKnownFileType = sourcecode.c.objc; name = "UIColor+CCUtility.m"; path = "QQHomePage/Resource/UIColor+CCUtility.m"; sourceTree = SOURCE_ROOT; };
		ED64BE13241A2F380022D3C9 /* UIColor+CCUtility.h */ = {isa = PBXFileReference; fileEncoding = 4; lastKnownFileType = sourcecode.c.h; name = "UIColor+CCUtility.h"; path = "QQHomePage/Resource/UIColor+CCUtility.h"; sourceTree = SOURCE_ROOT; };
		ED64BE16241A36430022D3C9 /* TopicWalterfallFlowLayout.h */ = {isa = PBXFileReference; lastKnownFileType = sourcecode.c.h; path = TopicWalterfallFlowLayout.h; sourceTree = "<group>"; };
		ED64BE17241A36430022D3C9 /* TopicWalterfallFlowLayout.m */ = {isa = PBXFileReference; lastKnownFileType = sourcecode.c.objc; path = TopicWalterfallFlowLayout.m; sourceTree = "<group>"; };
		ED64BE49241F17270022D3C9 /* SongListCell.h */ = {isa = PBXFileReference; lastKnownFileType = sourcecode.c.h; path = SongListCell.h; sourceTree = "<group>"; };
		ED64BE4A241F17270022D3C9 /* SongListCell.m */ = {isa = PBXFileReference; lastKnownFileType = sourcecode.c.objc; path = SongListCell.m; sourceTree = "<group>"; };
		ED64BE4B241F17270022D3C9 /* SongListCell.xib */ = {isa = PBXFileReference; lastKnownFileType = file.xib; path = SongListCell.xib; sourceTree = "<group>"; };
		ED64BE4E241F1ADB0022D3C9 /* SongCollectionViewCell.h */ = {isa = PBXFileReference; lastKnownFileType = sourcecode.c.h; path = SongCollectionViewCell.h; sourceTree = "<group>"; };
		ED64BE4F241F1ADB0022D3C9 /* SongCollectionViewCell.m */ = {isa = PBXFileReference; lastKnownFileType = sourcecode.c.objc; path = SongCollectionViewCell.m; sourceTree = "<group>"; };
		ED64BE50241F1ADB0022D3C9 /* SongCollectionViewCell.xib */ = {isa = PBXFileReference; lastKnownFileType = file.xib; path = SongCollectionViewCell.xib; sourceTree = "<group>"; };
		ED64BE54241F2DFD0022D3C9 /* songlist166.json */ = {isa = PBXFileReference; lastKnownFileType = text.json; path = songlist166.json; sourceTree = "<group>"; };
		ED64BE57241F2ECC0022D3C9 /* JsonLoader.h */ = {isa = PBXFileReference; lastKnownFileType = sourcecode.c.h; path = JsonLoader.h; sourceTree = "<group>"; };
		ED64BE58241F2ECC0022D3C9 /* JsonLoader.m */ = {isa = PBXFileReference; lastKnownFileType = sourcecode.c.objc; path = JsonLoader.m; sourceTree = "<group>"; };
		EDAC6EC7241F85340086A081 /* songlist81.json */ = {isa = PBXFileReference; lastKnownFileType = text.json; path = songlist81.json; sourceTree = "<group>"; };
		EDAC6EC9241F8D380086A081 /* mvlist11.json */ = {isa = PBXFileReference; lastKnownFileType = text.json; path = mvlist11.json; sourceTree = "<group>"; };
		EDAC6ECC241F8DC60086A081 /* MVListCell.h */ = {isa = PBXFileReference; lastKnownFileType = sourcecode.c.h; path = MVListCell.h; sourceTree = "<group>"; };
		EDAC6ECD241F8DC60086A081 /* MVListCell.m */ = {isa = PBXFileReference; lastKnownFileType = sourcecode.c.objc; path = MVListCell.m; sourceTree = "<group>"; };
		EDAC6ECE241F8DC60086A081 /* MVListCell.xib */ = {isa = PBXFileReference; lastKnownFileType = file.xib; path = MVListCell.xib; sourceTree = "<group>"; };
		EDAC6ED1241F8E440086A081 /* MVCollectionViewCell.h */ = {isa = PBXFileReference; lastKnownFileType = sourcecode.c.h; path = MVCollectionViewCell.h; sourceTree = "<group>"; };
		EDAC6ED2241F8E440086A081 /* MVCollectionViewCell.m */ = {isa = PBXFileReference; lastKnownFileType = sourcecode.c.objc; path = MVCollectionViewCell.m; sourceTree = "<group>"; };
		EDAC6ED3241F8E440086A081 /* MVCollectionViewCell.xib */ = {isa = PBXFileReference; lastKnownFileType = file.xib; path = MVCollectionViewCell.xib; sourceTree = "<group>"; };
		EDAC6ED6241F90BA0086A081 /* BaseTableViewCell.h */ = {isa = PBXFileReference; lastKnownFileType = sourcecode.c.h; path = BaseTableViewCell.h; sourceTree = "<group>"; };
		EDAC6ED7241F90BA0086A081 /* BaseTableViewCell.m */ = {isa = PBXFileReference; lastKnownFileType = sourcecode.c.objc; path = BaseTableViewCell.m; sourceTree = "<group>"; };
		EDAC6ED9241F954E0086A081 /* newmvlist.json */ = {isa = PBXFileReference; lastKnownFileType = text.json; path = newmvlist.json; sourceTree = "<group>"; };
		EDDB088E2422249F007D1AAC /* AsyncTopicView.h */ = {isa = PBXFileReference; lastKnownFileType = sourcecode.c.h; path = AsyncTopicView.h; sourceTree = "<group>"; };
		EDDB088F2422249F007D1AAC /* AsyncTopicView.m */ = {isa = PBXFileReference; lastKnownFileType = sourcecode.c.objc; path = AsyncTopicView.m; sourceTree = "<group>"; };
		EDDB08932422251B007D1AAC /* YYAsyncLayer.m */ = {isa = PBXFileReference; fileEncoding = 4; lastKnownFileType = sourcecode.c.objc; path = YYAsyncLayer.m; sourceTree = "<group>"; };
		EDDB08942422251B007D1AAC /* YYTransaction.h */ = {isa = PBXFileReference; fileEncoding = 4; lastKnownFileType = sourcecode.c.h; path = YYTransaction.h; sourceTree = "<group>"; };
		EDDB08952422251B007D1AAC /* YYSentinel.m */ = {isa = PBXFileReference; fileEncoding = 4; lastKnownFileType = sourcecode.c.objc; path = YYSentinel.m; sourceTree = "<group>"; };
		EDDB08962422251B007D1AAC /* YYAsyncLayer.h */ = {isa = PBXFileReference; fileEncoding = 4; lastKnownFileType = sourcecode.c.h; path = YYAsyncLayer.h; sourceTree = "<group>"; };
		EDDB08972422251B007D1AAC /* YYTransaction.m */ = {isa = PBXFileReference; fileEncoding = 4; lastKnownFileType = sourcecode.c.objc; path = YYTransaction.m; sourceTree = "<group>"; };
		EDDB08982422251B007D1AAC /* YYSentinel.h */ = {isa = PBXFileReference; fileEncoding = 4; lastKnownFileType = sourcecode.c.h; path = YYSentinel.h; sourceTree = "<group>"; };
/* End PBXFileReference section */

/* Begin PBXFrameworksBuildPhase section */
		ED44E14A2418BEA80063AB7B /* Frameworks */ = {
			isa = PBXFrameworksBuildPhase;
			buildActionMask = 2147483647;
			files = (
				3B093DFBDE095E79DBF81F06 /* libPods-QQHomePage.a in Frameworks */,
			);
			runOnlyForDeploymentPostprocessing = 0;
		};
/* End PBXFrameworksBuildPhase section */

/* Begin PBXGroup section */
		808B100D5E46049E9A7F9119 /* Frameworks */ = {
			isa = PBXGroup;
			children = (
				54C2524F9A44B09D9C719F21 /* libPods-QQHomePage.a */,
			);
			name = Frameworks;
			sourceTree = "<group>";
		};
		9C91A092E33688807630AC30 /* Pods */ = {
			isa = PBXGroup;
			children = (
				2CFFE4910BFD5844310263F1 /* Pods-QQHomePage.debug.xcconfig */,
				B81CACEE8D9F1E97A30460BD /* Pods-QQHomePage.release.xcconfig */,
			);
			path = Pods;
			sourceTree = "<group>";
		};
		ED44E1442418BEA80063AB7B = {
			isa = PBXGroup;
			children = (
				ED44E14F2418BEA80063AB7B /* QQHomePage */,
				ED44E14E2418BEA80063AB7B /* Products */,
				9C91A092E33688807630AC30 /* Pods */,
				808B100D5E46049E9A7F9119 /* Frameworks */,
			);
			sourceTree = "<group>";
		};
		ED44E14E2418BEA80063AB7B /* Products */ = {
			isa = PBXGroup;
			children = (
				ED44E14D2418BEA80063AB7B /* QQHomePage.app */,
			);
			name = Products;
			sourceTree = "<group>";
		};
		ED44E14F2418BEA80063AB7B /* QQHomePage */ = {
			isa = PBXGroup;
			children = (
				EDDB089124222507007D1AAC /* Lib */,
				ED64BE56241F2EB30022D3C9 /* Data */,
				ED64BDD62419D9550022D3C9 /* View */,
				ED64BDCD2418F8810022D3C9 /* Resource */,
				ED64BDC92418ED7A0022D3C9 /* Model */,
				ED64BDAE2418ECA30022D3C9 /* ThirdLib */,
				ED44E1502418BEA80063AB7B /* AppDelegate.h */,
				ED44E1512418BEA80063AB7B /* AppDelegate.m */,
				ED64BDA62418CCB70022D3C9 /* SceneDelegate.h */,
				ED64BDA52418CCB70022D3C9 /* SceneDelegate.m */,
				ED44E1562418BEA80063AB7B /* ViewController.h */,
				ED44E1572418BEA80063AB7B /* ViewController.m */,
				ED44E1592418BEA80063AB7B /* Main.storyboard */,
				ED44E15C2418BEA90063AB7B /* Assets.xcassets */,
				ED44E15E2418BEA90063AB7B /* LaunchScreen.storyboard */,
				ED44E1612418BEA90063AB7B /* Info.plist */,
				ED44E1622418BEA90063AB7B /* main.m */,
				ED44E16A2418C1DB0063AB7B /* PrefixHeader.pch */,
			);
			path = QQHomePage;
			sourceTree = "<group>";
		};
		ED63F5A62420B65E00DB0387 /* VipVIew */ = {
			isa = PBXGroup;
			children = (
				ED63F5A72420B68900DB0387 /* VipViewCell.h */,
				ED63F5A82420B68900DB0387 /* VipViewCell.m */,
				ED63F5A92420B68900DB0387 /* VipViewCell.xib */,
				ED63F5AC2420B74700DB0387 /* VIP1CollectionViewCell.h */,
				ED63F5AD2420B74700DB0387 /* VIP1CollectionViewCell.m */,
				ED63F5AE2420B74700DB0387 /* VIP1CollectionViewCell.xib */,
			);
			path = VipVIew;
			sourceTree = "<group>";
		};
		ED64BDA82418D0F70022D3C9 /* SearchView */ = {
			isa = PBXGroup;
			children = (
				ED64BDA92418D10A0022D3C9 /* SearchView.xib */,
				ED64BDAB2418E78F0022D3C9 /* SearchView.h */,
				ED64BDAC2418E78F0022D3C9 /* SearchView.m */,
			);
			path = SearchView;
			sourceTree = "<group>";
		};
		ED64BDAE2418ECA30022D3C9 /* ThirdLib */ = {
			isa = PBXGroup;
			children = (
				ED64BDAF2418ECAD0022D3C9 /* SDCycleScrollView */,
			);
			path = ThirdLib;
			sourceTree = "<group>";
		};
		ED64BDAF2418ECAD0022D3C9 /* SDCycleScrollView */ = {
			isa = PBXGroup;
			children = (
				ED64BDB02418ECAD0022D3C9 /* UIView+SDExtension.h */,
				ED64BDB12418ECAD0022D3C9 /* SDCycleScrollView.h */,
				ED64BDB22418ECAD0022D3C9 /* SDCollectionViewCell.h */,
				ED64BDB32418ECAD0022D3C9 /* SDCycleScrollView.m */,
				ED64BDB42418ECAD0022D3C9 /* UIView+SDExtension.m */,
				ED64BDB52418ECAD0022D3C9 /* SDCollectionViewCell.m */,
				ED64BDB62418ECAD0022D3C9 /* PageControl */,
			);
			path = SDCycleScrollView;
			sourceTree = "<group>";
		};
		ED64BDB62418ECAD0022D3C9 /* PageControl */ = {
			isa = PBXGroup;
			children = (
				ED64BDB72418ECAD0022D3C9 /* TAAbstractDotView.h */,
				ED64BDB82418ECAD0022D3C9 /* TADotView.m */,
				ED64BDB92418ECAD0022D3C9 /* TAPageControl.m */,
				ED64BDBA2418ECAD0022D3C9 /* TAAnimatedDotView.m */,
				ED64BDBB2418ECAD0022D3C9 /* TAAbstractDotView.m */,
				ED64BDBC2418ECAD0022D3C9 /* TADotView.h */,
				ED64BDBD2418ECAD0022D3C9 /* TAAnimatedDotView.h */,
				ED64BDBE2418ECAD0022D3C9 /* TAPageControl.h */,
			);
			path = PageControl;
			sourceTree = "<group>";
		};
		ED64BDC92418ED7A0022D3C9 /* Model */ = {
			isa = PBXGroup;
			children = (
				ED64BDC62418ED710022D3C9 /* TableViewCellModel.h */,
				ED64BDC72418ED710022D3C9 /* TableViewCellModel.m */,
				ED64BDCA2418F27F0022D3C9 /* TableViewSectionModel.h */,
				ED64BDCB2418F27F0022D3C9 /* TableViewSectionModel.m */,
			);
			path = Model;
			sourceTree = "<group>";
		};
		ED64BDCD2418F8810022D3C9 /* Resource */ = {
			isa = PBXGroup;
			children = (
				ED64BE53241F2DE40022D3C9 /* json */,
				ED64BE04241A25D70022D3C9 /* song1.jpg */,
				ED64BE05241A25D70022D3C9 /* song2.jpg */,
				ED64BDEB2419EFFE0022D3C9 /* icon001@2x.png */,
				ED64BDED2419EFFE0022D3C9 /* icon001@3x.png */,
				ED64BDEF2419EFFF0022D3C9 /* icon002@2x.png */,
				ED64BDEA2419EFFE0022D3C9 /* icon002@3x.png */,
				ED64BDEE2419EFFF0022D3C9 /* icon003@2x.png */,
				ED64BDF02419EFFF0022D3C9 /* icon003@3x.png */,
				ED64BDF12419EFFF0022D3C9 /* icon004@2x.png */,
				ED64BDEC2419EFFE0022D3C9 /* icon004@3x.png */,
				ED64BDF22419EFFF0022D3C9 /* icon005@2x.png */,
				ED64BDF32419EFFF0022D3C9 /* icon005@3x.png */,
				ED64BDD02418F8910022D3C9 /* 001.jpg */,
				ED64BDCE2418F8910022D3C9 /* 002.jpg */,
				ED64BDCF2418F8910022D3C9 /* 003.jpg */,
				ED64BDD12418F8920022D3C9 /* 004.jpg */,
			);
			path = Resource;
			sourceTree = "<group>";
		};
		ED64BDD62419D9550022D3C9 /* View */ = {
			isa = PBXGroup;
			children = (
				ED64BE0F241A2E3A0022D3C9 /* UILabel+Utility.h */,
				ED64BE10241A2E3A0022D3C9 /* UILabel+Utility.m */,
				ED64BE13241A2F380022D3C9 /* UIColor+CCUtility.h */,
				ED64BE12241A2F370022D3C9 /* UIColor+CCUtility.m */,
				EDAC6ED6241F90BA0086A081 /* BaseTableViewCell.h */,
				EDAC6ED7241F90BA0086A081 /* BaseTableViewCell.m */,
				ED63F5A62420B65E00DB0387 /* VipVIew */,
				EDAC6ECB241F8DA10086A081 /* MVList */,
				ED64BE46241F16C70022D3C9 /* SongList */,
				ED64BE08241A29520022D3C9 /* TopicView */,
				ED64BDFE241A181B0022D3C9 /* UIView */,
				ED64BDD72419D97C0022D3C9 /* FunctionView */,
				ED64BDA82418D0F70022D3C9 /* SearchView */,
			);
			path = View;
			sourceTree = "<group>";
		};
		ED64BDD72419D97C0022D3C9 /* FunctionView */ = {
			isa = PBXGroup;
			children = (
				ED64BDDA2419DA7E0022D3C9 /* FunctionCell.h */,
				ED64BDDB2419DA7E0022D3C9 /* FunctionCell.m */,
				ED64BDE52419DD3B0022D3C9 /* FunctionCollectionCell.h */,
				ED64BDE62419DD3B0022D3C9 /* FunctionCollectionCell.m */,
				ED64BDE72419DD3B0022D3C9 /* FunctionCollectionCell.xib */,
			);
			path = FunctionView;
			sourceTree = "<group>";
		};
		ED64BDFE241A181B0022D3C9 /* UIView */ = {
			isa = PBXGroup;
			children = (
				ED64BDFF241A19640022D3C9 /* NewSongView.xib */,
				ED64BE01241A1AE00022D3C9 /* NewSongView.h */,
				ED64BE02241A1AE00022D3C9 /* NewSongView.m */,
			);
			path = UIView;
			sourceTree = "<group>";
		};
		ED64BE08241A29520022D3C9 /* TopicView */ = {
			isa = PBXGroup;
			children = (
				ED64BE09241A29A30022D3C9 /* TopicViewCell.h */,
				ED64BE0A241A29A30022D3C9 /* TopicViewCell.m */,
				ED64BE0C241A2D160022D3C9 /* TopicCollectionViewCell.h */,
				ED64BE0D241A2D160022D3C9 /* TopicCollectionViewCell.m */,
				ED64BE16241A36430022D3C9 /* TopicWalterfallFlowLayout.h */,
				ED64BE17241A36430022D3C9 /* TopicWalterfallFlowLayout.m */,
				EDDB088E2422249F007D1AAC /* AsyncTopicView.h */,
				EDDB088F2422249F007D1AAC /* AsyncTopicView.m */,
			);
			path = TopicView;
			sourceTree = "<group>";
		};
		ED64BE46241F16C70022D3C9 /* SongList */ = {
			isa = PBXGroup;
			children = (
				ED64BE49241F17270022D3C9 /* SongListCell.h */,
				ED64BE4A241F17270022D3C9 /* SongListCell.m */,
				ED64BE4B241F17270022D3C9 /* SongListCell.xib */,
				ED64BE4E241F1ADB0022D3C9 /* SongCollectionViewCell.h */,
				ED64BE4F241F1ADB0022D3C9 /* SongCollectionViewCell.m */,
				ED64BE50241F1ADB0022D3C9 /* SongCollectionViewCell.xib */,
			);
			path = SongList;
			sourceTree = "<group>";
		};
		ED64BE53241F2DE40022D3C9 /* json */ = {
			isa = PBXGroup;
			children = (
				ED64BE54241F2DFD0022D3C9 /* songlist166.json */,
				ED63F59E2420A4B600DB0387 /* songlist101.json */,
				EDAC6EC7241F85340086A081 /* songlist81.json */,
				ED63F5A22420A73D00DB0387 /* songlist16.json */,
				EDAC6EC9241F8D380086A081 /* mvlist11.json */,
				ED63F5A02420A68500DB0387 /* mvlist12.json */,
				ED63F5A42420B5FC00DB0387 /* viplist.json */,
				EDAC6ED9241F954E0086A081 /* newmvlist.json */,
			);
			path = json;
			sourceTree = "<group>";
		};
		ED64BE56241F2EB30022D3C9 /* Data */ = {
			isa = PBXGroup;
			children = (
				ED64BE57241F2ECC0022D3C9 /* JsonLoader.h */,
				ED64BE58241F2ECC0022D3C9 /* JsonLoader.m */,
			);
			path = Data;
			sourceTree = "<group>";
		};
		EDAC6ECB241F8DA10086A081 /* MVList */ = {
			isa = PBXGroup;
			children = (
				EDAC6ECC241F8DC60086A081 /* MVListCell.h */,
				EDAC6ECD241F8DC60086A081 /* MVListCell.m */,
				EDAC6ECE241F8DC60086A081 /* MVListCell.xib */,
				EDAC6ED1241F8E440086A081 /* MVCollectionViewCell.h */,
				EDAC6ED2241F8E440086A081 /* MVCollectionViewCell.m */,
				EDAC6ED3241F8E440086A081 /* MVCollectionViewCell.xib */,
			);
			path = MVList;
			sourceTree = "<group>";
		};
		EDDB089124222507007D1AAC /* Lib */ = {
			isa = PBXGroup;
			children = (
				EDDB08922422251B007D1AAC /* YYAsyncLayer */,
			);
			path = Lib;
			sourceTree = "<group>";
		};
		EDDB08922422251B007D1AAC /* YYAsyncLayer */ = {
			isa = PBXGroup;
			children = (
				EDDB08962422251B007D1AAC /* YYAsyncLayer.h */,
				EDDB08932422251B007D1AAC /* YYAsyncLayer.m */,
				EDDB08942422251B007D1AAC /* YYTransaction.h */,
				EDDB08972422251B007D1AAC /* YYTransaction.m */,
				EDDB08982422251B007D1AAC /* YYSentinel.h */,
				EDDB08952422251B007D1AAC /* YYSentinel.m */,
			);
			path = YYAsyncLayer;
			sourceTree = "<group>";
		};
/* End PBXGroup section */

/* Begin PBXNativeTarget section */
		ED44E14C2418BEA80063AB7B /* QQHomePage */ = {
			isa = PBXNativeTarget;
			buildConfigurationList = ED44E1662418BEA90063AB7B /* Build configuration list for PBXNativeTarget "QQHomePage" */;
			buildPhases = (
				DDA9A4CFB54248841C2A28CE /* [CP] Check Pods Manifest.lock */,
				ED44E1492418BEA80063AB7B /* Sources */,
				ED44E14A2418BEA80063AB7B /* Frameworks */,
				ED44E14B2418BEA80063AB7B /* Resources */,
			);
			buildRules = (
			);
			dependencies = (
			);
			name = QQHomePage;
			productName = QQHomePage;
			productReference = ED44E14D2418BEA80063AB7B /* QQHomePage.app */;
			productType = "com.apple.product-type.application";
		};
/* End PBXNativeTarget section */

/* Begin PBXProject section */
		ED44E1452418BEA80063AB7B /* Project object */ = {
			isa = PBXProject;
			attributes = {
				LastUpgradeCheck = 1130;
				ORGANIZATIONNAME = Cocos;
				TargetAttributes = {
					ED44E14C2418BEA80063AB7B = {
						CreatedOnToolsVersion = 11.3;
					};
				};
			};
			buildConfigurationList = ED44E1482418BEA80063AB7B /* Build configuration list for PBXProject "QQHomePage" */;
			compatibilityVersion = "Xcode 9.3";
			developmentRegion = en;
			hasScannedForEncodings = 0;
			knownRegions = (
				en,
				Base,
			);
			mainGroup = ED44E1442418BEA80063AB7B;
			productRefGroup = ED44E14E2418BEA80063AB7B /* Products */;
			projectDirPath = "";
			projectRoot = "";
			targets = (
				ED44E14C2418BEA80063AB7B /* QQHomePage */,
			);
		};
/* End PBXProject section */

/* Begin PBXResourcesBuildPhase section */
		ED44E14B2418BEA80063AB7B /* Resources */ = {
			isa = PBXResourcesBuildPhase;
			buildActionMask = 2147483647;
			files = (
				ED64BE00241A19640022D3C9 /* NewSongView.xib in Resources */,
				ED64BDE92419DD3B0022D3C9 /* FunctionCollectionCell.xib in Resources */,
				ED64BDFC2419EFFF0022D3C9 /* icon005@2x.png in Resources */,
				ED64BDF62419EFFF0022D3C9 /* icon004@3x.png in Resources */,
				ED63F5A52420B5FC00DB0387 /* viplist.json in Resources */,
				ED64BDF82419EFFF0022D3C9 /* icon003@2x.png in Resources */,
				ED64BDAA2418D10A0022D3C9 /* SearchView.xib in Resources */,
				EDAC6EDA241F954E0086A081 /* newmvlist.json in Resources */,
				ED64BDF72419EFFF0022D3C9 /* icon001@3x.png in Resources */,
				ED63F5A32420A73D00DB0387 /* songlist16.json in Resources */,
				ED44E1602418BEA90063AB7B /* LaunchScreen.storyboard in Resources */,
				EDAC6ED5241F8E440086A081 /* MVCollectionViewCell.xib in Resources */,
				ED64BDD52418F8920022D3C9 /* 004.jpg in Resources */,
				EDAC6ECA241F8D380086A081 /* mvlist11.json in Resources */,
				ED44E15D2418BEA90063AB7B /* Assets.xcassets in Resources */,
				ED64BE06241A25D70022D3C9 /* song1.jpg in Resources */,
				ED64BDD42418F8920022D3C9 /* 001.jpg in Resources */,
				ED64BDFB2419EFFF0022D3C9 /* icon004@2x.png in Resources */,
				ED63F5B02420B74700DB0387 /* VIP1CollectionViewCell.xib in Resources */,
				ED64BDD32418F8920022D3C9 /* 003.jpg in Resources */,
				ED64BDD22418F8920022D3C9 /* 002.jpg in Resources */,
				ED64BDFA2419EFFF0022D3C9 /* icon003@3x.png in Resources */,
				ED64BDF42419EFFF0022D3C9 /* icon002@3x.png in Resources */,
				ED64BE52241F1ADB0022D3C9 /* SongCollectionViewCell.xib in Resources */,
				ED64BE55241F2DFD0022D3C9 /* songlist166.json in Resources */,
				ED64BE07241A25D70022D3C9 /* song2.jpg in Resources */,
				ED63F5A12420A68500DB0387 /* mvlist12.json in Resources */,
				ED44E15B2418BEA80063AB7B /* Main.storyboard in Resources */,
				EDAC6EC8241F85340086A081 /* songlist81.json in Resources */,
				ED64BDF92419EFFF0022D3C9 /* icon002@2x.png in Resources */,
				ED64BDF52419EFFF0022D3C9 /* icon001@2x.png in Resources */,
				ED63F59F2420A4B600DB0387 /* songlist101.json in Resources */,
				ED63F5AB2420B68900DB0387 /* VipViewCell.xib in Resources */,
				ED64BE4D241F17270022D3C9 /* SongListCell.xib in Resources */,
				EDAC6ED0241F8DC60086A081 /* MVListCell.xib in Resources */,
				ED64BDFD2419EFFF0022D3C9 /* icon005@3x.png in Resources */,
			);
			runOnlyForDeploymentPostprocessing = 0;
		};
/* End PBXResourcesBuildPhase section */

/* Begin PBXShellScriptBuildPhase section */
		DDA9A4CFB54248841C2A28CE /* [CP] Check Pods Manifest.lock */ = {
			isa = PBXShellScriptBuildPhase;
			buildActionMask = 2147483647;
			files = (
			);
			inputFileListPaths = (
			);
			inputPaths = (
				"${PODS_PODFILE_DIR_PATH}/Podfile.lock",
				"${PODS_ROOT}/Manifest.lock",
			);
			name = "[CP] Check Pods Manifest.lock";
			outputFileListPaths = (
			);
			outputPaths = (
				"$(DERIVED_FILE_DIR)/Pods-QQHomePage-checkManifestLockResult.txt",
			);
			runOnlyForDeploymentPostprocessing = 0;
			shellPath = /bin/sh;
			shellScript = "diff \"${PODS_PODFILE_DIR_PATH}/Podfile.lock\" \"${PODS_ROOT}/Manifest.lock\" > /dev/null\nif [ $? != 0 ] ; then\n    # print error to STDERR\n    echo \"error: The sandbox is not in sync with the Podfile.lock. Run 'pod install' or update your CocoaPods installation.\" >&2\n    exit 1\nfi\n# This output is used by Xcode 'outputs' to avoid re-running this script phase.\necho \"SUCCESS\" > \"${SCRIPT_OUTPUT_FILE_0}\"\n";
			showEnvVarsInLog = 0;
		};
/* End PBXShellScriptBuildPhase section */

/* Begin PBXSourcesBuildPhase section */
		ED44E1492418BEA80063AB7B /* Sources */ = {
			isa = PBXSourcesBuildPhase;
			buildActionMask = 2147483647;
			files = (
				ED64BDC02418ECAD0022D3C9 /* UIView+SDExtension.m in Sources */,
				EDDB089A2422251B007D1AAC /* YYSentinel.m in Sources */,
				ED64BE11241A2E3A0022D3C9 /* UILabel+Utility.m in Sources */,
				EDAC6ECF241F8DC60086A081 /* MVListCell.m in Sources */,
				ED64BDC52418ECAD0022D3C9 /* TAAbstractDotView.m in Sources */,
				ED63F5AF2420B74700DB0387 /* VIP1CollectionViewCell.m in Sources */,
				ED64BDC22418ECAD0022D3C9 /* TADotView.m in Sources */,
				ED44E1582418BEA80063AB7B /* ViewController.m in Sources */,
				ED64BDBF2418ECAD0022D3C9 /* SDCycleScrollView.m in Sources */,
				ED64BDE82419DD3B0022D3C9 /* FunctionCollectionCell.m in Sources */,
				ED64BDC82418ED710022D3C9 /* TableViewCellModel.m in Sources */,
				ED44E1522418BEA80063AB7B /* AppDelegate.m in Sources */,
				ED64BE51241F1ADB0022D3C9 /* SongCollectionViewCell.m in Sources */,
				ED44E1632418BEA90063AB7B /* main.m in Sources */,
				ED63F5AA2420B68900DB0387 /* VipViewCell.m in Sources */,
				EDAC6ED8241F90BA0086A081 /* BaseTableViewCell.m in Sources */,
				ED64BDAD2418E78F0022D3C9 /* SearchView.m in Sources */,
				ED64BE0B241A29A30022D3C9 /* TopicViewCell.m in Sources */,
				EDDB08902422249F007D1AAC /* AsyncTopicView.m in Sources */,
				ED64BE59241F2ECC0022D3C9 /* JsonLoader.m in Sources */,
				EDDB089B2422251B007D1AAC /* YYTransaction.m in Sources */,
				ED64BDC32418ECAD0022D3C9 /* TAPageControl.m in Sources */,
				ED64BE0E241A2D160022D3C9 /* TopicCollectionViewCell.m in Sources */,
				ED64BE03241A1AE00022D3C9 /* NewSongView.m in Sources */,
				EDDB08992422251B007D1AAC /* YYAsyncLayer.m in Sources */,
				ED64BE4C241F17270022D3C9 /* SongListCell.m in Sources */,
				EDAC6ED4241F8E440086A081 /* MVCollectionViewCell.m in Sources */,
				ED64BDA72418CCB70022D3C9 /* SceneDelegate.m in Sources */,
				ED64BDCC2418F27F0022D3C9 /* TableViewSectionModel.m in Sources */,
				ED64BE14241A2F380022D3C9 /* UIColor+CCUtility.m in Sources */,
				ED64BDC12418ECAD0022D3C9 /* SDCollectionViewCell.m in Sources */,
				ED64BE18241A36430022D3C9 /* TopicWalterfallFlowLayout.m in Sources */,
				ED64BDC42418ECAD0022D3C9 /* TAAnimatedDotView.m in Sources */,
				ED64BDDD2419DA7E0022D3C9 /* FunctionCell.m in Sources */,
			);
			runOnlyForDeploymentPostprocessing = 0;
		};
/* End PBXSourcesBuildPhase section */

/* Begin PBXVariantGroup section */
		ED44E1592418BEA80063AB7B /* Main.storyboard */ = {
			isa = PBXVariantGroup;
			children = (
				ED44E15A2418BEA80063AB7B /* Base */,
			);
			name = Main.storyboard;
			sourceTree = "<group>";
		};
		ED44E15E2418BEA90063AB7B /* LaunchScreen.storyboard */ = {
			isa = PBXVariantGroup;
			children = (
				ED44E15F2418BEA90063AB7B /* Base */,
			);
			name = LaunchScreen.storyboard;
			sourceTree = "<group>";
		};
/* End PBXVariantGroup section */

/* Begin XCBuildConfiguration section */
		ED44E1642418BEA90063AB7B /* Debug */ = {
			isa = XCBuildConfiguration;
			buildSettings = {
				ALWAYS_SEARCH_USER_PATHS = NO;
				CLANG_ANALYZER_NONNULL = YES;
				CLANG_ANALYZER_NUMBER_OBJECT_CONVERSION = YES_AGGRESSIVE;
				CLANG_CXX_LANGUAGE_STANDARD = "gnu++14";
				CLANG_CXX_LIBRARY = "libc++";
				CLANG_ENABLE_MODULES = YES;
				CLANG_ENABLE_OBJC_ARC = YES;
				CLANG_ENABLE_OBJC_WEAK = YES;
				CLANG_WARN_BLOCK_CAPTURE_AUTORELEASING = YES;
				CLANG_WARN_BOOL_CONVERSION = YES;
				CLANG_WARN_COMMA = YES;
				CLANG_WARN_CONSTANT_CONVERSION = YES;
				CLANG_WARN_DEPRECATED_OBJC_IMPLEMENTATIONS = YES;
				CLANG_WARN_DIRECT_OBJC_ISA_USAGE = YES_ERROR;
				CLANG_WARN_DOCUMENTATION_COMMENTS = YES;
				CLANG_WARN_EMPTY_BODY = YES;
				CLANG_WARN_ENUM_CONVERSION = YES;
				CLANG_WARN_INFINITE_RECURSION = YES;
				CLANG_WARN_INT_CONVERSION = YES;
				CLANG_WARN_NON_LITERAL_NULL_CONVERSION = YES;
				CLANG_WARN_OBJC_IMPLICIT_RETAIN_SELF = YES;
				CLANG_WARN_OBJC_LITERAL_CONVERSION = YES;
				CLANG_WARN_OBJC_ROOT_CLASS = YES_ERROR;
				CLANG_WARN_RANGE_LOOP_ANALYSIS = YES;
				CLANG_WARN_STRICT_PROTOTYPES = YES;
				CLANG_WARN_SUSPICIOUS_MOVE = YES;
				CLANG_WARN_UNGUARDED_AVAILABILITY = YES_AGGRESSIVE;
				CLANG_WARN_UNREACHABLE_CODE = YES;
				CLANG_WARN__DUPLICATE_METHOD_MATCH = YES;
				COPY_PHASE_STRIP = NO;
				DEBUG_INFORMATION_FORMAT = dwarf;
				ENABLE_STRICT_OBJC_MSGSEND = YES;
				ENABLE_TESTABILITY = YES;
				GCC_C_LANGUAGE_STANDARD = gnu11;
				GCC_DYNAMIC_NO_PIC = NO;
				GCC_NO_COMMON_BLOCKS = YES;
				GCC_OPTIMIZATION_LEVEL = 0;
				GCC_PREPROCESSOR_DEFINITIONS = (
					"DEBUG=1",
					"$(inherited)",
				);
				GCC_WARN_64_TO_32_BIT_CONVERSION = YES;
				GCC_WARN_ABOUT_RETURN_TYPE = YES_ERROR;
				GCC_WARN_UNDECLARED_SELECTOR = YES;
				GCC_WARN_UNINITIALIZED_AUTOS = YES_AGGRESSIVE;
				GCC_WARN_UNUSED_FUNCTION = YES;
				GCC_WARN_UNUSED_VARIABLE = YES;
				IPHONEOS_DEPLOYMENT_TARGET = 10;
				MTL_ENABLE_DEBUG_INFO = INCLUDE_SOURCE;
				MTL_FAST_MATH = YES;
				ONLY_ACTIVE_ARCH = YES;
				SDKROOT = iphoneos;
			};
			name = Debug;
		};
		ED44E1652418BEA90063AB7B /* Release */ = {
			isa = XCBuildConfiguration;
			buildSettings = {
				ALWAYS_SEARCH_USER_PATHS = NO;
				CLANG_ANALYZER_NONNULL = YES;
				CLANG_ANALYZER_NUMBER_OBJECT_CONVERSION = YES_AGGRESSIVE;
				CLANG_CXX_LANGUAGE_STANDARD = "gnu++14";
				CLANG_CXX_LIBRARY = "libc++";
				CLANG_ENABLE_MODULES = YES;
				CLANG_ENABLE_OBJC_ARC = YES;
				CLANG_ENABLE_OBJC_WEAK = YES;
				CLANG_WARN_BLOCK_CAPTURE_AUTORELEASING = YES;
				CLANG_WARN_BOOL_CONVERSION = YES;
				CLANG_WARN_COMMA = YES;
				CLANG_WARN_CONSTANT_CONVERSION = YES;
				CLANG_WARN_DEPRECATED_OBJC_IMPLEMENTATIONS = YES;
				CLANG_WARN_DIRECT_OBJC_ISA_USAGE = YES_ERROR;
				CLANG_WARN_DOCUMENTATION_COMMENTS = YES;
				CLANG_WARN_EMPTY_BODY = YES;
				CLANG_WARN_ENUM_CONVERSION = YES;
				CLANG_WARN_INFINITE_RECURSION = YES;
				CLANG_WARN_INT_CONVERSION = YES;
				CLANG_WARN_NON_LITERAL_NULL_CONVERSION = YES;
				CLANG_WARN_OBJC_IMPLICIT_RETAIN_SELF = YES;
				CLANG_WARN_OBJC_LITERAL_CONVERSION = YES;
				CLANG_WARN_OBJC_ROOT_CLASS = YES_ERROR;
				CLANG_WARN_RANGE_LOOP_ANALYSIS = YES;
				CLANG_WARN_STRICT_PROTOTYPES = YES;
				CLANG_WARN_SUSPICIOUS_MOVE = YES;
				CLANG_WARN_UNGUARDED_AVAILABILITY = YES_AGGRESSIVE;
				CLANG_WARN_UNREACHABLE_CODE = YES;
				CLANG_WARN__DUPLICATE_METHOD_MATCH = YES;
				COPY_PHASE_STRIP = NO;
				DEBUG_INFORMATION_FORMAT = "dwarf-with-dsym";
				ENABLE_NS_ASSERTIONS = NO;
				ENABLE_STRICT_OBJC_MSGSEND = YES;
				GCC_C_LANGUAGE_STANDARD = gnu11;
				GCC_NO_COMMON_BLOCKS = YES;
				GCC_WARN_64_TO_32_BIT_CONVERSION = YES;
				GCC_WARN_ABOUT_RETURN_TYPE = YES_ERROR;
				GCC_WARN_UNDECLARED_SELECTOR = YES;
				GCC_WARN_UNINITIALIZED_AUTOS = YES_AGGRESSIVE;
				GCC_WARN_UNUSED_FUNCTION = YES;
				GCC_WARN_UNUSED_VARIABLE = YES;
				IPHONEOS_DEPLOYMENT_TARGET = 10;
				MTL_ENABLE_DEBUG_INFO = NO;
				MTL_FAST_MATH = YES;
				SDKROOT = iphoneos;
				VALIDATE_PRODUCT = YES;
			};
			name = Release;
		};
		ED44E1672418BEA90063AB7B /* Debug */ = {
			isa = XCBuildConfiguration;
			baseConfigurationReference = 2CFFE4910BFD5844310263F1 /* Pods-QQHomePage.debug.xcconfig */;
			buildSettings = {
				ASSETCATALOG_COMPILER_APPICON_NAME = AppIcon;
				CODE_SIGN_STYLE = Automatic;
				DEVELOPMENT_TEAM = XNC7CRYM5X;
				GCC_PREFIX_HEADER = "$(SRCROOT)/QQHomePage/PrefixHeader.pch";
				INFOPLIST_FILE = QQHomePage/Info.plist;
				IPHONEOS_DEPLOYMENT_TARGET = 10.0;
				LD_RUNPATH_SEARCH_PATHS = (
					"$(inherited)",
					"@executable_path/Frameworks",
				);
				PRODUCT_BUNDLE_IDENTIFIER = cocos.com.QQHomePage;
				PRODUCT_NAME = "$(TARGET_NAME)";
				TARGETED_DEVICE_FAMILY = "1,2";
			};
			name = Debug;
		};
		ED44E1682418BEA90063AB7B /* Release */ = {
			isa = XCBuildConfiguration;
			baseConfigurationReference = B81CACEE8D9F1E97A30460BD /* Pods-QQHomePage.release.xcconfig */;
			buildSettings = {
				ASSETCATALOG_COMPILER_APPICON_NAME = AppIcon;
				CODE_SIGN_STYLE = Automatic;
				DEVELOPMENT_TEAM = XNC7CRYM5X;
				GCC_PREFIX_HEADER = "$(SRCROOT)/QQHomePage/PrefixHeader.pch";
				INFOPLIST_FILE = QQHomePage/Info.plist;
				IPHONEOS_DEPLOYMENT_TARGET = 10.0;
				LD_RUNPATH_SEARCH_PATHS = (
					"$(inherited)",
					"@executable_path/Frameworks",
				);
				PRODUCT_BUNDLE_IDENTIFIER = cocos.com.QQHomePage;
				PRODUCT_NAME = "$(TARGET_NAME)";
				TARGETED_DEVICE_FAMILY = "1,2";
			};
			name = Release;
		};
/* End XCBuildConfiguration section */

/* Begin XCConfigurationList section */
		ED44E1482418BEA80063AB7B /* Build configuration list for PBXProject "QQHomePage" */ = {
			isa = XCConfigurationList;
			buildConfigurations = (
				ED44E1642418BEA90063AB7B /* Debug */,
				ED44E1652418BEA90063AB7B /* Release */,
			);
			defaultConfigurationIsVisible = 0;
			defaultConfigurationName = Release;
		};
		ED44E1662418BEA90063AB7B /* Build configuration list for PBXNativeTarget "QQHomePage" */ = {
			isa = XCConfigurationList;
			buildConfigurations = (
				ED44E1672418BEA90063AB7B /* Debug */,
				ED44E1682418BEA90063AB7B /* Release */,
			);
			defaultConfigurationIsVisible = 0;
			defaultConfigurationName = Release;
		};
/* End XCConfigurationList section */
	};
	rootObject = ED44E1452418BEA80063AB7B /* Project object */;
}
